
Microsoft Visual Studio Solution File, Format Version 12.00
Project("{2150E333-8FDC-42A3-9474-1A3956D46DE8}") = "basic-crud", "basic-crud", "{FDCEFB80-54ED-47C9-8B05-A398ABD7D717}"
EndProject
Project("{FAE04EC0-301F-11D3-BF4B-00C04F79EFBC}") = "changes", "changes\src\changes.csproj", "{F3A12841-A81E-4151-95F3-2ACB61A19664}"
EndProject
Project("{FAE04EC0-301F-11D3-BF4B-00C04F79EFBC}") = "changes.Local", "changes\local\changes.Local.csproj", "{ECBA92DC-1E58-44D3-AFAD-2F8EABAFE656}"
EndProject
Project("{FAE04EC0-301F-11D3-BF4B-00C04F79EFBC}") = "changes.Tests", "changes\test\changes.Tests.csproj", "{4EE2EF6A-AA4F-42D5-9788-978D5AD9D945}"
EndProject
Project("{2150E333-8FDC-42A3-9474-1A3956D46DE8}") = "mongo", "mongo", "{A1DD7645-D021-477C-AB78-5F82E5ABA71E}"
EndProject
Project("{FAE04EC0-301F-11D3-BF4B-00C04F79EFBC}") = "mongo", "mongo\src\mongo.csproj", "{4C6A87E2-9096-489B-B71F-AB3D207C343C}"
EndProject
Project("{FAE04EC0-301F-11D3-BF4B-00C04F79EFBC}") = "mongo.Local", "mongo\local\mongo.Local.csproj", "{C21EAE4B-406B-4993-8DE0-351387ADD3F6}"
EndProject
Project("{FAE04EC0-301F-11D3-BF4B-00C04F79EFBC}") = "mongo.Tests", "mongo\test\mongo.Tests.csproj", "{0EA2B49C-74A3-4F92-93FE-0D684934AC0D}"
EndProject
Project("{2150E333-8FDC-42A3-9474-1A3956D46DE8}") = "aws", "aws", "{C84AE16B-FCD2-4E22-9495-7F98E29B634C}"
ProjectSection(SolutionItems) = preProject
	serverless-user.yml = serverless-user.yml
	serverless.yml = serverless.yml
EndProjectSection
EndProject
Project("{2150E333-8FDC-42A3-9474-1A3956D46DE8}") = ".env", ".env", "{D2EF7783-C384-415F-BB1D-217CF58F8A48}"
ProjectSection(SolutionItems) = preProject
	.env\dev.yml = .env\dev.yml
EndProjectSection
EndProject
Project("{FAE04EC0-301F-11D3-BF4B-00C04F79EFBC}") = "Kalarrs.NetCore.Util", "Kalarrs.NetCore.Util\Kalarrs.NetCore.Util.csproj", "{EFAA991F-BD2F-4974-86EE-FF5E4946E3D9}"
EndProject
Project("{FAE04EC0-301F-11D3-BF4B-00C04F79EFBC}") = "Amazon.Lambda.CloudWatchEvents", "..\..\..\..\aws-lambda-dotnet\Libraries\src\Amazon.Lambda.CloudWatchEvents\Amazon.Lambda.CloudWatchEvents.csproj", "{6DE29714-1E80-4E1B-B3A0-4643C8D077E4}"
EndProject
Project("{FAE04EC0-301F-11D3-BF4B-00C04F79EFBC}") = "Amazon.Lambda.ECSEvents", "..\..\..\..\aws-lambda-dotnet\Libraries\src\Amazon.Lambda.ECSEvents\Amazon.Lambda.ECSEvents.csproj", "{0F4AC416-8DFE-4F6F-A39C-CC288A8E7C03}"
EndProject
Project("{FAE04EC0-301F-11D3-BF4B-00C04F79EFBC}") = "Amazon.Lambda.ScheduledEvents", "..\..\..\..\aws-lambda-dotnet\Libraries\src\Amazon.Lambda.ScheduledEvents\Amazon.Lambda.ScheduledEvents.csproj", "{8AFBF26B-FF9C-400F-8253-C1D53DCECE1B}"
EndProject
Global
	GlobalSection(SolutionConfigurationPlatforms) = preSolution
		Debug|Any CPU = Debug|Any CPU
		Release|Any CPU = Release|Any CPU
	EndGlobalSection
	GlobalSection(ProjectConfigurationPlatforms) = postSolution
		{F3A12841-A81E-4151-95F3-2ACB61A19664}.Debug|Any CPU.ActiveCfg = Debug|Any CPU
		{F3A12841-A81E-4151-95F3-2ACB61A19664}.Debug|Any CPU.Build.0 = Debug|Any CPU
		{F3A12841-A81E-4151-95F3-2ACB61A19664}.Release|Any CPU.ActiveCfg = Release|Any CPU
		{F3A12841-A81E-4151-95F3-2ACB61A19664}.Release|Any CPU.Build.0 = Release|Any CPU
		{ECBA92DC-1E58-44D3-AFAD-2F8EABAFE656}.Debug|Any CPU.ActiveCfg = Debug|Any CPU
		{ECBA92DC-1E58-44D3-AFAD-2F8EABAFE656}.Debug|Any CPU.Build.0 = Debug|Any CPU
		{ECBA92DC-1E58-44D3-AFAD-2F8EABAFE656}.Release|Any CPU.ActiveCfg = Release|Any CPU
		{ECBA92DC-1E58-44D3-AFAD-2F8EABAFE656}.Release|Any CPU.Build.0 = Release|Any CPU
		{4EE2EF6A-AA4F-42D5-9788-978D5AD9D945}.Debug|Any CPU.ActiveCfg = Debug|Any CPU
		{4EE2EF6A-AA4F-42D5-9788-978D5AD9D945}.Debug|Any CPU.Build.0 = Debug|Any CPU
		{4EE2EF6A-AA4F-42D5-9788-978D5AD9D945}.Release|Any CPU.ActiveCfg = Release|Any CPU
		{4EE2EF6A-AA4F-42D5-9788-978D5AD9D945}.Release|Any CPU.Build.0 = Release|Any CPU
		{4C6A87E2-9096-489B-B71F-AB3D207C343C}.Debug|Any CPU.ActiveCfg = Debug|Any CPU
		{4C6A87E2-9096-489B-B71F-AB3D207C343C}.Debug|Any CPU.Build.0 = Debug|Any CPU
		{4C6A87E2-9096-489B-B71F-AB3D207C343C}.Release|Any CPU.ActiveCfg = Release|Any CPU
		{4C6A87E2-9096-489B-B71F-AB3D207C343C}.Release|Any CPU.Build.0 = Release|Any CPU
		{C21EAE4B-406B-4993-8DE0-351387ADD3F6}.Debug|Any CPU.ActiveCfg = Debug|Any CPU
		{C21EAE4B-406B-4993-8DE0-351387ADD3F6}.Debug|Any CPU.Build.0 = Debug|Any CPU
		{C21EAE4B-406B-4993-8DE0-351387ADD3F6}.Release|Any CPU.ActiveCfg = Release|Any CPU
		{C21EAE4B-406B-4993-8DE0-351387ADD3F6}.Release|Any CPU.Build.0 = Release|Any CPU
		{0EA2B49C-74A3-4F92-93FE-0D684934AC0D}.Debug|Any CPU.ActiveCfg = Debug|Any CPU
		{0EA2B49C-74A3-4F92-93FE-0D684934AC0D}.Debug|Any CPU.Build.0 = Debug|Any CPU
		{0EA2B49C-74A3-4F92-93FE-0D684934AC0D}.Release|Any CPU.ActiveCfg = Release|Any CPU
		{0EA2B49C-74A3-4F92-93FE-0D684934AC0D}.Release|Any CPU.Build.0 = Release|Any CPU
		{EFAA991F-BD2F-4974-86EE-FF5E4946E3D9}.Debug|Any CPU.ActiveCfg = Debug|Any CPU
		{EFAA991F-BD2F-4974-86EE-FF5E4946E3D9}.Debug|Any CPU.Build.0 = Debug|Any CPU
		{EFAA991F-BD2F-4974-86EE-FF5E4946E3D9}.Release|Any CPU.ActiveCfg = Release|Any CPU
		{EFAA991F-BD2F-4974-86EE-FF5E4946E3D9}.Release|Any CPU.Build.0 = Release|Any CPU
		{6DE29714-1E80-4E1B-B3A0-4643C8D077E4}.Debug|Any CPU.ActiveCfg = Debug|Any CPU
		{6DE29714-1E80-4E1B-B3A0-4643C8D077E4}.Debug|Any CPU.Build.0 = Debug|Any CPU
		{6DE29714-1E80-4E1B-B3A0-4643C8D077E4}.Release|Any CPU.ActiveCfg = Release|Any CPU
		{6DE29714-1E80-4E1B-B3A0-4643C8D077E4}.Release|Any CPU.Build.0 = Release|Any CPU
		{0F4AC416-8DFE-4F6F-A39C-CC288A8E7C03}.Debug|Any CPU.ActiveCfg = Debug|Any CPU
		{0F4AC416-8DFE-4F6F-A39C-CC288A8E7C03}.Debug|Any CPU.Build.0 = Debug|Any CPU
		{0F4AC416-8DFE-4F6F-A39C-CC288A8E7C03}.Release|Any CPU.ActiveCfg = Release|Any CPU
		{0F4AC416-8DFE-4F6F-A39C-CC288A8E7C03}.Release|Any CPU.Build.0 = Release|Any CPU
		{8AFBF26B-FF9C-400F-8253-C1D53DCECE1B}.Debug|Any CPU.ActiveCfg = Debug|Any CPU
		{8AFBF26B-FF9C-400F-8253-C1D53DCECE1B}.Debug|Any CPU.Build.0 = Debug|Any CPU
		{8AFBF26B-FF9C-400F-8253-C1D53DCECE1B}.Release|Any CPU.ActiveCfg = Release|Any CPU
		{8AFBF26B-FF9C-400F-8253-C1D53DCECE1B}.Release|Any CPU.Build.0 = Release|Any CPU
	EndGlobalSection
	GlobalSection(NestedProjects) = preSolution
		{F3A12841-A81E-4151-95F3-2ACB61A19664} = {FDCEFB80-54ED-47C9-8B05-A398ABD7D717}
		{ECBA92DC-1E58-44D3-AFAD-2F8EABAFE656} = {FDCEFB80-54ED-47C9-8B05-A398ABD7D717}
		{4EE2EF6A-AA4F-42D5-9788-978D5AD9D945} = {FDCEFB80-54ED-47C9-8B05-A398ABD7D717}
		{4C6A87E2-9096-489B-B71F-AB3D207C343C} = {A1DD7645-D021-477C-AB78-5F82E5ABA71E}
		{C21EAE4B-406B-4993-8DE0-351387ADD3F6} = {A1DD7645-D021-477C-AB78-5F82E5ABA71E}
		{0EA2B49C-74A3-4F92-93FE-0D684934AC0D} = {A1DD7645-D021-477C-AB78-5F82E5ABA71E}
		{D2EF7783-C384-415F-BB1D-217CF58F8A48} = {C84AE16B-FCD2-4E22-9495-7F98E29B634C}
	EndGlobalSection
EndGlobal
