# THIS IS AN AUTOGENERATED FILE. DO NOT EDIT THIS FILE DIRECTLY.
# yarn lockfile v1


"@kalarrs/serverless-project-utils@^2.1.0":
  version "2.1.0"
  resolved "https://registry.yarnpkg.com/@kalarrs/serverless-project-utils/-/serverless-project-utils-2.1.0.tgz#0739ae34baa03804cd78a874f0fba9e2f537082b"
